
Microsoft Visual Studio Solution File, Format Version 12.00
# Visual Studio Version 16
VisualStudioVersion = 16.0.29911.84
MinimumVisualStudioVersion = 10.0.40219.1
Project("{FAE04EC0-301F-11D3-BF4B-00C04F79EFBC}") = "telrehberi", "telrehberi\telrehberi.csproj", "{193A136F-89D5-4372-8A4F-0F0952F26F39}"
EndProject
Global
	GlobalSection(SolutionConfigurationPlatforms) = preSolution
		Debug|Any CPU = Debug|Any CPU
		Release|Any CPU = Release|Any CPU
	EndGlobalSection
	GlobalSection(ProjectConfigurationPlatforms) = postSolution
		{193A136F-89D5-4372-8A4F-0F0952F26F39}.Debug|Any CPU.ActiveCfg = Debug|Any CPU
		{193A136F-89D5-4372-8A4F-0F0952F26F39}.Debug|Any CPU.Build.0 = Debug|Any CPU
		{193A136F-89D5-4372-8A4F-0F0952F26F39}.Release|Any CPU.ActiveCfg = Release|Any CPU
		{193A136F-89D5-4372-8A4F-0F0952F26F39}.Release|Any CPU.Build.0 = Release|Any CPU
	EndGlobalSection
	GlobalSection(SolutionProperties) = preSolution
		HideSolutionNode = FALSE
	EndGlobalSection
	GlobalSection(ExtensibilityGlobals) = postSolution
		SolutionGuid = {91434984-462B-40DE-913C-F7C9AF6498A9}
	EndGlobalSection
EndGlobal
